
Microsoft Visual Studio Solution File, Format Version 12.00
# Visual Studio 2017
Project("{FAE04EC0-301F-11D3-BF4B-00C04F79EFBC}") = "sosnoob_mobile_game", "sosnoob_mobile_game.csproj", "{2976B8B6-BB89-FA70-8B70-C116AA477D67}"
EndProject
Global
	GlobalSection(SolutionConfigurationPlatforms) = preSolution
		Debug|Any CPU = Debug|Any CPU
		Release|Any CPU = Release|Any CPU
	EndGlobalSection
	GlobalSection(ProjectConfigurationPlatforms) = postSolution
		{2976B8B6-BB89-FA70-8B70-C116AA477D67}.Debug|Any CPU.ActiveCfg = Debug|Any CPU
		{2976B8B6-BB89-FA70-8B70-C116AA477D67}.Debug|Any CPU.Build.0 = Debug|Any CPU
		{2976B8B6-BB89-FA70-8B70-C116AA477D67}.Release|Any CPU.ActiveCfg = Release|Any CPU
		{2976B8B6-BB89-FA70-8B70-C116AA477D67}.Release|Any CPU.Build.0 = Release|Any CPU
	EndGlobalSection
	GlobalSection(SolutionProperties) = preSolution
		HideSolutionNode = FALSE
	EndGlobalSection
EndGlobal
